# This file was autogenerated by Stack.
# You should not edit this file by hand.
# For more information, please see the documentation at:
#   https://docs.haskellstack.org/en/stable/lock_files

packages: []
snapshots:
- completed:
    sha256: 59a9ffb31115282819f15dbb364bd06f133009442ff1b5f3b3898bd0e6a7735d
    size: 711946
    url: https://raw.githubusercontent.com/commercialhaskell/stackage-snapshots/master/lts/22/1.yaml
  original:
    url: https://raw.githubusercontent.com/commercialhaskell/stackage-snapshots/master/lts/22/1.yaml
